Microsoft Visual Studio Solution File, Format Version 12.00
# Visual Studio 2012
Project("{FAE04EC0-301F-11D3-BF4B-00C04F79EFBC}") = "Gensou", "Gensou.csproj", "{BDD5F20C-B116-4910-A0BD-5AD4B4F8E0D6}"
EndProject
Global
	GlobalSection(SolutionConfigurationPlatforms) = preSolution
	Debug|Any CPU = Debug|Any CPU
	ExportDebug|Any CPU = ExportDebug|Any CPU
	ExportRelease|Any CPU = ExportRelease|Any CPU
	EndGlobalSection
	GlobalSection(ProjectConfigurationPlatforms) = postSolution
		{BDD5F20C-B116-4910-A0BD-5AD4B4F8E0D6}.Debug|Any CPU.ActiveCfg = Debug|Any CPU
		{BDD5F20C-B116-4910-A0BD-5AD4B4F8E0D6}.Debug|Any CPU.Build.0 = Debug|Any CPU
		{BDD5F20C-B116-4910-A0BD-5AD4B4F8E0D6}.ExportDebug|Any CPU.ActiveCfg = ExportDebug|Any CPU
		{BDD5F20C-B116-4910-A0BD-5AD4B4F8E0D6}.ExportDebug|Any CPU.Build.0 = ExportDebug|Any CPU
		{BDD5F20C-B116-4910-A0BD-5AD4B4F8E0D6}.ExportRelease|Any CPU.ActiveCfg = ExportRelease|Any CPU
		{BDD5F20C-B116-4910-A0BD-5AD4B4F8E0D6}.ExportRelease|Any CPU.Build.0 = ExportRelease|Any CPU
	EndGlobalSection
EndGlobal
